
Microsoft Visual Studio Solution File, Format Version 12.00
Project("{2150E333-8FDC-42A3-9474-1A3956D46DE8}") = "OdinCola", "OdinCola", "{4AB133C5-575B-43C2-8315-BAF581B1092A}"
EndProject
Project("{FAE04EC0-301F-11D3-BF4B-00C04F79EFBC}") = "Cola.Cache", "..\..\OdinCola\Cola.Cache\Cola.Cache.csproj", "{E676F880-C8F5-4456-9764-12EA11A9D7DC}"
EndProject
Project("{FAE04EC0-301F-11D3-BF4B-00C04F79EFBC}") = "Cola.Console", "..\..\OdinCola\Cola.Console\Cola.Console.csproj", "{B2C6ABFB-3F19-48B2-B92C-2F2BCD90BCB0}"
EndProject
Project("{FAE04EC0-301F-11D3-BF4B-00C04F79EFBC}") = "Cola.EF", "..\..\OdinCola\Cola.EF\Cola.EF.csproj", "{20507079-2F2E-406F-B2AD-864DF528EE85}"
EndProject
Project("{FAE04EC0-301F-11D3-BF4B-00C04F79EFBC}") = "Cola.Exception", "..\..\OdinCola\Cola.Exception\Cola.Exception.csproj", "{0088D4CB-6D3F-44BE-B894-CFCA4E8D2875}"
EndProject
Project("{FAE04EC0-301F-11D3-BF4B-00C04F79EFBC}") = "Cola.Log", "..\..\OdinCola\Cola.Log\Cola.Log.csproj", "{51EF3C77-4647-48EB-96D2-EDE72218566E}"
EndProject
Project("{FAE04EC0-301F-11D3-BF4B-00C04F79EFBC}") = "Cola.Models.Core", "..\..\OdinCola\Cola.Models.Core\Cola.Models.Core.csproj", "{C904F0C7-E5A7-4884-99C4-E066E8881737}"
EndProject
Project("{FAE04EC0-301F-11D3-BF4B-00C04F79EFBC}") = "Cola.SnowFlake", "..\..\OdinCola\Cola.SnowFlake\Cola.SnowFlake.csproj", "{85D7C84F-0D3E-4B6A-A525-DC1B4C41D0F8}"
EndProject
Project("{FAE04EC0-301F-11D3-BF4B-00C04F79EFBC}") = "Cola.Utils", "..\..\OdinCola\Cola.Utils\Cola.Utils.csproj", "{DD592258-7E96-48FB-BAE9-43862E9E5F9C}"
EndProject
Project("{FAE04EC0-301F-11D3-BF4B-00C04F79EFBC}") = "Cola.WebApi", "..\..\OdinCola\Cola.WebApi\Cola.WebApi.csproj", "{9F8AE385-091B-4E0B-AB4D-1089C3EAFCE9}"
EndProject
Project("{2150E333-8FDC-42A3-9474-1A3956D46DE8}") = "Kunlun", "Kunlun", "{29440818-83EC-49EC-99D7-8F647429E1D4}"
EndProject
Project("{FAE04EC0-301F-11D3-BF4B-00C04F79EFBC}") = "Cola.NoSql", "..\..\OdinCola\Cola.NoSql\Cola.NoSql.csproj", "{2CCA712E-ECE8-42F6-B80F-478D7105B790}"
EndProject
Global
	GlobalSection(SolutionConfigurationPlatforms) = preSolution
		Debug|Any CPU = Debug|Any CPU
		Release|Any CPU = Release|Any CPU
	EndGlobalSection
	GlobalSection(ProjectConfigurationPlatforms) = postSolution
		{E676F880-C8F5-4456-9764-12EA11A9D7DC}.Debug|Any CPU.ActiveCfg = Debug|Any CPU
		{E676F880-C8F5-4456-9764-12EA11A9D7DC}.Debug|Any CPU.Build.0 = Debug|Any CPU
		{E676F880-C8F5-4456-9764-12EA11A9D7DC}.Release|Any CPU.ActiveCfg = Release|Any CPU
		{E676F880-C8F5-4456-9764-12EA11A9D7DC}.Release|Any CPU.Build.0 = Release|Any CPU
		{B2C6ABFB-3F19-48B2-B92C-2F2BCD90BCB0}.Debug|Any CPU.ActiveCfg = Debug|Any CPU
		{B2C6ABFB-3F19-48B2-B92C-2F2BCD90BCB0}.Debug|Any CPU.Build.0 = Debug|Any CPU
		{B2C6ABFB-3F19-48B2-B92C-2F2BCD90BCB0}.Release|Any CPU.ActiveCfg = Release|Any CPU
		{B2C6ABFB-3F19-48B2-B92C-2F2BCD90BCB0}.Release|Any CPU.Build.0 = Release|Any CPU
		{20507079-2F2E-406F-B2AD-864DF528EE85}.Debug|Any CPU.ActiveCfg = Debug|Any CPU
		{20507079-2F2E-406F-B2AD-864DF528EE85}.Debug|Any CPU.Build.0 = Debug|Any CPU
		{20507079-2F2E-406F-B2AD-864DF528EE85}.Release|Any CPU.ActiveCfg = Release|Any CPU
		{20507079-2F2E-406F-B2AD-864DF528EE85}.Release|Any CPU.Build.0 = Release|Any CPU
		{0088D4CB-6D3F-44BE-B894-CFCA4E8D2875}.Debug|Any CPU.ActiveCfg = Debug|Any CPU
		{0088D4CB-6D3F-44BE-B894-CFCA4E8D2875}.Debug|Any CPU.Build.0 = Debug|Any CPU
		{0088D4CB-6D3F-44BE-B894-CFCA4E8D2875}.Release|Any CPU.ActiveCfg = Release|Any CPU
		{0088D4CB-6D3F-44BE-B894-CFCA4E8D2875}.Release|Any CPU.Build.0 = Release|Any CPU
		{51EF3C77-4647-48EB-96D2-EDE72218566E}.Debug|Any CPU.ActiveCfg = Debug|Any CPU
		{51EF3C77-4647-48EB-96D2-EDE72218566E}.Debug|Any CPU.Build.0 = Debug|Any CPU
		{51EF3C77-4647-48EB-96D2-EDE72218566E}.Release|Any CPU.ActiveCfg = Release|Any CPU
		{51EF3C77-4647-48EB-96D2-EDE72218566E}.Release|Any CPU.Build.0 = Release|Any CPU
		{C904F0C7-E5A7-4884-99C4-E066E8881737}.Debug|Any CPU.ActiveCfg = Debug|Any CPU
		{C904F0C7-E5A7-4884-99C4-E066E8881737}.Debug|Any CPU.Build.0 = Debug|Any CPU
		{C904F0C7-E5A7-4884-99C4-E066E8881737}.Release|Any CPU.ActiveCfg = Release|Any CPU
		{C904F0C7-E5A7-4884-99C4-E066E8881737}.Release|Any CPU.Build.0 = Release|Any CPU
		{85D7C84F-0D3E-4B6A-A525-DC1B4C41D0F8}.Debug|Any CPU.ActiveCfg = Debug|Any CPU
		{85D7C84F-0D3E-4B6A-A525-DC1B4C41D0F8}.Debug|Any CPU.Build.0 = Debug|Any CPU
		{85D7C84F-0D3E-4B6A-A525-DC1B4C41D0F8}.Release|Any CPU.ActiveCfg = Release|Any CPU
		{85D7C84F-0D3E-4B6A-A525-DC1B4C41D0F8}.Release|Any CPU.Build.0 = Release|Any CPU
		{DD592258-7E96-48FB-BAE9-43862E9E5F9C}.Debug|Any CPU.ActiveCfg = Debug|Any CPU
		{DD592258-7E96-48FB-BAE9-43862E9E5F9C}.Debug|Any CPU.Build.0 = Debug|Any CPU
		{DD592258-7E96-48FB-BAE9-43862E9E5F9C}.Release|Any CPU.ActiveCfg = Release|Any CPU
		{DD592258-7E96-48FB-BAE9-43862E9E5F9C}.Release|Any CPU.Build.0 = Release|Any CPU
		{9F8AE385-091B-4E0B-AB4D-1089C3EAFCE9}.Debug|Any CPU.ActiveCfg = Debug|Any CPU
		{9F8AE385-091B-4E0B-AB4D-1089C3EAFCE9}.Debug|Any CPU.Build.0 = Debug|Any CPU
		{9F8AE385-091B-4E0B-AB4D-1089C3EAFCE9}.Release|Any CPU.ActiveCfg = Release|Any CPU
		{9F8AE385-091B-4E0B-AB4D-1089C3EAFCE9}.Release|Any CPU.Build.0 = Release|Any CPU
		{2CCA712E-ECE8-42F6-B80F-478D7105B790}.Debug|Any CPU.ActiveCfg = Debug|Any CPU
		{2CCA712E-ECE8-42F6-B80F-478D7105B790}.Debug|Any CPU.Build.0 = Debug|Any CPU
		{2CCA712E-ECE8-42F6-B80F-478D7105B790}.Release|Any CPU.ActiveCfg = Release|Any CPU
		{2CCA712E-ECE8-42F6-B80F-478D7105B790}.Release|Any CPU.Build.0 = Release|Any CPU
	EndGlobalSection
	GlobalSection(NestedProjects) = preSolution
		{E676F880-C8F5-4456-9764-12EA11A9D7DC} = {4AB133C5-575B-43C2-8315-BAF581B1092A}
		{B2C6ABFB-3F19-48B2-B92C-2F2BCD90BCB0} = {4AB133C5-575B-43C2-8315-BAF581B1092A}
		{20507079-2F2E-406F-B2AD-864DF528EE85} = {4AB133C5-575B-43C2-8315-BAF581B1092A}
		{0088D4CB-6D3F-44BE-B894-CFCA4E8D2875} = {4AB133C5-575B-43C2-8315-BAF581B1092A}
		{51EF3C77-4647-48EB-96D2-EDE72218566E} = {4AB133C5-575B-43C2-8315-BAF581B1092A}
		{C904F0C7-E5A7-4884-99C4-E066E8881737} = {4AB133C5-575B-43C2-8315-BAF581B1092A}
		{85D7C84F-0D3E-4B6A-A525-DC1B4C41D0F8} = {4AB133C5-575B-43C2-8315-BAF581B1092A}
		{DD592258-7E96-48FB-BAE9-43862E9E5F9C} = {4AB133C5-575B-43C2-8315-BAF581B1092A}
		{9F8AE385-091B-4E0B-AB4D-1089C3EAFCE9} = {4AB133C5-575B-43C2-8315-BAF581B1092A}
		{2CCA712E-ECE8-42F6-B80F-478D7105B790} = {4AB133C5-575B-43C2-8315-BAF581B1092A}
	EndGlobalSection
EndGlobal
